
Microsoft Visual Studio Solution File, Format Version 12.00
# Visual Studio Version 16
VisualStudioVersion = 16.0.30114.105
MinimumVisualStudioVersion = 10.0.40219.1
Project("{FAE04EC0-301F-11D3-BF4B-00C04F79EFBC}") = "application", "Api.Http.Application\application.csproj", "{6E0C53F1-F3E0-4CDD-9E34-47FB77C9D28D}"
EndProject
Project("{2150E333-8FDC-42A3-9474-1A3956D46DE8}") = "Dojo", "Dojo", "{1FDB097C-2559-49EE-AA08-654B16AD7C37}"
EndProject
Project("{FAE04EC0-301F-11D3-BF4B-00C04F79EFBC}") = "ChatDomain", "Dojo\Chat.Domain\ChatDomain.csproj", "{38E167EB-08EE-49B8-BCA1-77418AA1B57F}"
EndProject
Project("{FAE04EC0-301F-11D3-BF4B-00C04F79EFBC}") = "ContactDomain", "Dojo\Contact.Domain\ContactDomain.csproj", "{AE2ADCAA-A4BF-4C19-88C2-8F2BC14924E0}"
EndProject
Project("{2150E333-8FDC-42A3-9474-1A3956D46DE8}") = "Infrastructure", "Infrastructure", "{AC779A41-DE61-4C8A-B97B-E7437F180057}"
EndProject
Project("{2150E333-8FDC-42A3-9474-1A3956D46DE8}") = "Persistance", "Persistance", "{07FD0EEB-E5EB-4192-9BDC-97E95B539121}"
EndProject
Project("{FAE04EC0-301F-11D3-BF4B-00C04F79EFBC}") = "Archive", "Infrastructure\Persistance\Archive\Archive.csproj", "{5CF87232-8E56-4495-B74B-5FD054DA7C2F}"
EndProject
Project("{2150E333-8FDC-42A3-9474-1A3956D46DE8}") = "ContactTests", "UnitTests", "{96041CCF-6874-400D-A5D3-E63427AB17A0}"
EndProject
Project("{FAE04EC0-301F-11D3-BF4B-00C04F79EFBC}") = "classes.tests", "Dojo\ContactTests\classes.tests\classes.tests.csproj", "{8D04D106-F173-4EEA-AE16-53DA302DCCF7}"
EndProject
Project("{2150E333-8FDC-42A3-9474-1A3956D46DE8}") = "ChatTests", "ChatTests", "{B4518826-96A1-422C-B009-5C5929AF8A11}"
EndProject
Project("{FAE04EC0-301F-11D3-BF4B-00C04F79EFBC}") = "classes.tests", "Dojo\ChatTests\classes.tests\classes.tests.csproj", "{809C43C1-12DC-483B-A274-092E7D84238D}"
EndProject
Project("{FAE04EC0-301F-11D3-BF4B-00C04F79EFBC}") = "Contact.Infrastructure", "Dojo\Contact.Infrastructure\Contact.Infrastructure.csproj", "{5B9C8601-E8C5-4A3C-B4EE-D2E88ABC4CEE}"
EndProject
Global
	GlobalSection(SolutionConfigurationPlatforms) = preSolution
		Debug|Any CPU = Debug|Any CPU
		Release|Any CPU = Release|Any CPU
	EndGlobalSection
	GlobalSection(SolutionProperties) = preSolution
		HideSolutionNode = FALSE
	EndGlobalSection
	GlobalSection(ProjectConfigurationPlatforms) = postSolution
		{6E0C53F1-F3E0-4CDD-9E34-47FB77C9D28D}.Debug|Any CPU.ActiveCfg = Debug|Any CPU
		{6E0C53F1-F3E0-4CDD-9E34-47FB77C9D28D}.Debug|Any CPU.Build.0 = Debug|Any CPU
		{6E0C53F1-F3E0-4CDD-9E34-47FB77C9D28D}.Release|Any CPU.ActiveCfg = Release|Any CPU
		{6E0C53F1-F3E0-4CDD-9E34-47FB77C9D28D}.Release|Any CPU.Build.0 = Release|Any CPU
		{38E167EB-08EE-49B8-BCA1-77418AA1B57F}.Debug|Any CPU.ActiveCfg = Debug|Any CPU
		{38E167EB-08EE-49B8-BCA1-77418AA1B57F}.Debug|Any CPU.Build.0 = Debug|Any CPU
		{38E167EB-08EE-49B8-BCA1-77418AA1B57F}.Release|Any CPU.ActiveCfg = Release|Any CPU
		{38E167EB-08EE-49B8-BCA1-77418AA1B57F}.Release|Any CPU.Build.0 = Release|Any CPU
		{AE2ADCAA-A4BF-4C19-88C2-8F2BC14924E0}.Debug|Any CPU.ActiveCfg = Debug|Any CPU
		{AE2ADCAA-A4BF-4C19-88C2-8F2BC14924E0}.Debug|Any CPU.Build.0 = Debug|Any CPU
		{AE2ADCAA-A4BF-4C19-88C2-8F2BC14924E0}.Release|Any CPU.ActiveCfg = Release|Any CPU
		{AE2ADCAA-A4BF-4C19-88C2-8F2BC14924E0}.Release|Any CPU.Build.0 = Release|Any CPU
		{5CF87232-8E56-4495-B74B-5FD054DA7C2F}.Debug|Any CPU.ActiveCfg = Debug|Any CPU
		{5CF87232-8E56-4495-B74B-5FD054DA7C2F}.Debug|Any CPU.Build.0 = Debug|Any CPU
		{5CF87232-8E56-4495-B74B-5FD054DA7C2F}.Release|Any CPU.ActiveCfg = Release|Any CPU
		{5CF87232-8E56-4495-B74B-5FD054DA7C2F}.Release|Any CPU.Build.0 = Release|Any CPU
		{8D04D106-F173-4EEA-AE16-53DA302DCCF7}.Debug|Any CPU.ActiveCfg = Debug|Any CPU
		{8D04D106-F173-4EEA-AE16-53DA302DCCF7}.Debug|Any CPU.Build.0 = Debug|Any CPU
		{8D04D106-F173-4EEA-AE16-53DA302DCCF7}.Release|Any CPU.ActiveCfg = Release|Any CPU
		{8D04D106-F173-4EEA-AE16-53DA302DCCF7}.Release|Any CPU.Build.0 = Release|Any CPU
		{809C43C1-12DC-483B-A274-092E7D84238D}.Debug|Any CPU.ActiveCfg = Debug|Any CPU
		{809C43C1-12DC-483B-A274-092E7D84238D}.Debug|Any CPU.Build.0 = Debug|Any CPU
		{809C43C1-12DC-483B-A274-092E7D84238D}.Release|Any CPU.ActiveCfg = Release|Any CPU
		{809C43C1-12DC-483B-A274-092E7D84238D}.Release|Any CPU.Build.0 = Release|Any CPU
		{06837BD0-8A57-462F-B40B-EE59BFF24758}.Debug|Any CPU.ActiveCfg = Debug|Any CPU
		{06837BD0-8A57-462F-B40B-EE59BFF24758}.Debug|Any CPU.Build.0 = Debug|Any CPU
		{06837BD0-8A57-462F-B40B-EE59BFF24758}.Release|Any CPU.ActiveCfg = Release|Any CPU
		{06837BD0-8A57-462F-B40B-EE59BFF24758}.Release|Any CPU.Build.0 = Release|Any CPU
		{5B9C8601-E8C5-4A3C-B4EE-D2E88ABC4CEE}.Debug|Any CPU.ActiveCfg = Debug|Any CPU
		{5B9C8601-E8C5-4A3C-B4EE-D2E88ABC4CEE}.Debug|Any CPU.Build.0 = Debug|Any CPU
		{5B9C8601-E8C5-4A3C-B4EE-D2E88ABC4CEE}.Release|Any CPU.ActiveCfg = Release|Any CPU
		{5B9C8601-E8C5-4A3C-B4EE-D2E88ABC4CEE}.Release|Any CPU.Build.0 = Release|Any CPU
	EndGlobalSection
	GlobalSection(NestedProjects) = preSolution
		{38E167EB-08EE-49B8-BCA1-77418AA1B57F} = {1FDB097C-2559-49EE-AA08-654B16AD7C37}
		{AE2ADCAA-A4BF-4C19-88C2-8F2BC14924E0} = {1FDB097C-2559-49EE-AA08-654B16AD7C37}
		{07FD0EEB-E5EB-4192-9BDC-97E95B539121} = {AC779A41-DE61-4C8A-B97B-E7437F180057}
		{5CF87232-8E56-4495-B74B-5FD054DA7C2F} = {07FD0EEB-E5EB-4192-9BDC-97E95B539121}
		{96041CCF-6874-400D-A5D3-E63427AB17A0} = {1FDB097C-2559-49EE-AA08-654B16AD7C37}
		{8D04D106-F173-4EEA-AE16-53DA302DCCF7} = {96041CCF-6874-400D-A5D3-E63427AB17A0}
		{B4518826-96A1-422C-B009-5C5929AF8A11} = {1FDB097C-2559-49EE-AA08-654B16AD7C37}
		{809C43C1-12DC-483B-A274-092E7D84238D} = {B4518826-96A1-422C-B009-5C5929AF8A11}
		{5B9C8601-E8C5-4A3C-B4EE-D2E88ABC4CEE} = {1FDB097C-2559-49EE-AA08-654B16AD7C37}
	EndGlobalSection
EndGlobal
